# THIS IS AN AUTOGENERATED FILE. DO NOT EDIT THIS FILE DIRECTLY.
# yarn lockfile v1


"@types/node@^10.12.2":
  version "10.12.2"
  resolved "https://registry.yarnpkg.com/@types/node/-/node-10.12.2.tgz#d77f9faa027cadad9c912cd47f4f8b07b0fb0864"

typescript@^3.1.5:
  version "3.1.5"
  resolved "https://registry.yarnpkg.com/typescript/-/typescript-3.1.5.tgz#93d8b6864375325a91177372cb370ae0ae3a0703"
